{
  "name": "wallet-evidence",
  "version": "0.1.0",
  "lockfileVersion": 3,
  "requires": true,
  "packages": {
    "": {
      "name": "wallet-evidence",
      "version": "0.1.0",
      "bin": {
        "wallet-evidence": "bin/wallet-evidence.mjs"
      },
      "engines": {
        "node": ">=18"
      }
    }
  }
}
